
Microsoft Visual Studio Solution File, Format Version 12.00
# Visual Studio Version 16
VisualStudioVersion = 16.0.30523.141
MinimumVisualStudioVersion = 10.0.40219.1
Project("{FAE04EC0-301F-11D3-BF4B-00C04F79EFBC}") = "CreateCertRequest", "CreateCertRequest.csproj", "{C5ECC28B-BF4B-466B-8A44-9D57AB42C510}"
EndProject
Global
	GlobalSection(SolutionConfigurationPlatforms) = preSolution
		Debug|Any CPU = Debug|Any CPU
		Release|Any CPU = Release|Any CPU
	EndGlobalSection
	GlobalSection(ProjectConfigurationPlatforms) = postSolution
		{C5ECC28B-BF4B-466B-8A44-9D57AB42C510}.Debug|Any CPU.ActiveCfg = Debug|Any CPU
		{C5ECC28B-BF4B-466B-8A44-9D57AB42C510}.Debug|Any CPU.Build.0 = Debug|Any CPU
		{C5ECC28B-BF4B-466B-8A44-9D57AB42C510}.Release|Any CPU.ActiveCfg = Release|Any CPU
		{C5ECC28B-BF4B-466B-8A44-9D57AB42C510}.Release|Any CPU.Build.0 = Release|Any CPU
	EndGlobalSection
	GlobalSection(SolutionProperties) = preSolution
		HideSolutionNode = FALSE
	EndGlobalSection
	GlobalSection(ExtensibilityGlobals) = postSolution
		SolutionGuid = {39331028-737A-4BE1-A567-AD1458F6BE1D}
	EndGlobalSection
EndGlobal
